
Microsoft Visual Studio Solution File, Format Version 12.00
# Visual Studio 15
VisualStudioVersion = 15.0.28307.2092
MinimumVisualStudioVersion = 10.0.40219.1
Project("{FAE04EC0-301F-11D3-BF4B-00C04F79EFBC}") = "CDRInfo", "CDRInfo\CDRInfo.csproj", "{EF065594-BA80-4D56-A9E9-419E84E89028}"
EndProject
Project("{FAE04EC0-301F-11D3-BF4B-00C04F79EFBC}") = "DataLayer", "CDRDataLayer\DataLayer.csproj", "{BB7F4181-58C2-426F-A0B5-AFC1898E56C2}"
EndProject
Project("{FAE04EC0-301F-11D3-BF4B-00C04F79EFBC}") = "ProcessCDRFile", "ProcessCDRFile\ProcessCDRFile.csproj", "{DFA56C62-90DC-469B-A2D6-230F5EB40278}"
EndProject
Global
	GlobalSection(SolutionConfigurationPlatforms) = preSolution
		Debug|Any CPU = Debug|Any CPU
		Release|Any CPU = Release|Any CPU
	EndGlobalSection
	GlobalSection(ProjectConfigurationPlatforms) = postSolution
		{EF065594-BA80-4D56-A9E9-419E84E89028}.Debug|Any CPU.ActiveCfg = Debug|Any CPU
		{EF065594-BA80-4D56-A9E9-419E84E89028}.Debug|Any CPU.Build.0 = Debug|Any CPU
		{EF065594-BA80-4D56-A9E9-419E84E89028}.Release|Any CPU.ActiveCfg = Release|Any CPU
		{EF065594-BA80-4D56-A9E9-419E84E89028}.Release|Any CPU.Build.0 = Release|Any CPU
		{BB7F4181-58C2-426F-A0B5-AFC1898E56C2}.Debug|Any CPU.ActiveCfg = Debug|Any CPU
		{BB7F4181-58C2-426F-A0B5-AFC1898E56C2}.Debug|Any CPU.Build.0 = Debug|Any CPU
		{BB7F4181-58C2-426F-A0B5-AFC1898E56C2}.Release|Any CPU.ActiveCfg = Release|Any CPU
		{BB7F4181-58C2-426F-A0B5-AFC1898E56C2}.Release|Any CPU.Build.0 = Release|Any CPU
		{DFA56C62-90DC-469B-A2D6-230F5EB40278}.Debug|Any CPU.ActiveCfg = Debug|Any CPU
		{DFA56C62-90DC-469B-A2D6-230F5EB40278}.Debug|Any CPU.Build.0 = Debug|Any CPU
		{DFA56C62-90DC-469B-A2D6-230F5EB40278}.Release|Any CPU.ActiveCfg = Release|Any CPU
		{DFA56C62-90DC-469B-A2D6-230F5EB40278}.Release|Any CPU.Build.0 = Release|Any CPU
	EndGlobalSection
	GlobalSection(SolutionProperties) = preSolution
		HideSolutionNode = FALSE
	EndGlobalSection
	GlobalSection(ExtensibilityGlobals) = postSolution
		SolutionGuid = {C01C36FE-DECE-4E18-875D-433B08BC6E6B}
	EndGlobalSection
EndGlobal
